{
  "name": "@digitalbranch/charts",
  "version": "0.0.1",
  "lockfileVersion": 1,
  "requires": true,
  "dependencies": {
    "@digitalbranch/dispatcher": {
      "version": "file:../dispatcher",
      "requires": {
        "@digitalbranch/emitter": "file:../emitter",
        "@digitalbranch/u": "file:../U"
      },
      "dependencies": {
        "@digitalbranch/emitter": {
          "version": "file:../emitter",
          "requires": {
            "@digitalbranch/u": "file:../U"
          },
          "dependencies": {
            "@digitalbranch/u": {
              "version": "file:../U"
            }
          }
        },
        "@digitalbranch/u": {
          "version": "file:../U"
        }
      }
    },
    "@digitalbranch/emitter": {
      "version": "file:../emitter",
      "requires": {
        "@digitalbranch/u": "file:../U"
      },
      "dependencies": {
        "@digitalbranch/u": {
          "version": "file:../U"
        }
      }
    },
    "@digitalbranch/u": {
      "version": "file:../U"
    },
    "@digitalbranch/ui": {
      "version": "file:../ui",
      "requires": {
        "@digitalbranch/emitter": "file:../emitter",
        "@digitalbranch/u": "file:../U"
      },
      "dependencies": {
        "@digitalbranch/emitter": {
          "version": "file:../emitter",
          "requires": {
            "@digitalbranch/u": "file:../U"
          },
          "dependencies": {
            "@digitalbranch/u": {
              "version": "file:../U"
            }
          }
        },
        "@digitalbranch/u": {
          "version": "file:../U"
        }
      }
    },
    "prettier": {
      "version": "2.6.2",
      "resolved": "https://registry.npmjs.org/prettier/-/prettier-2.6.2.tgz",
      "integrity": "sha512-PkUpF+qoXTqhOeWL9fu7As8LXsIUZ1WYaJiY/a7McAQzxjk82OF0tibkFXVCDImZtWxbvojFjerkiLb0/q8mew==",
      "dev": true
    }
  }
}
